// !$*UTF8*$!
{
	archiveVersion = 1;
	classes = {
	};
	objectVersion = 77;
	objects = {

/* Begin PBXBuildFile section */
		AA000001 /* AIHouseAssistantApp.swift in Sources */ = {isa = PBXBuildFile; fileRef = AA100001 /* AIHouseAssistantApp.swift */; };
		AA000002 /* RootView.swift in Sources */ = {isa = PBXBuildFile; fileRef = AA100002 /* RootView.swift */; };
		AA000003 /* AppConfig.swift in Sources */ = {isa = PBXBuildFile; fileRef = AA100003 /* AppConfig.swift */; };
		AA000004 /* AppLogger.swift in Sources */ = {isa = PBXBuildFile; fileRef = AA100004 /* AppLogger.swift */; };
		AA000005 /* NetworkManager.swift in Sources */ = {isa = PBXBuildFile; fileRef = AA100005 /* NetworkManager.swift */; };
		AA000006 /* NetworkError.swift in Sources */ = {isa = PBXBuildFile; fileRef = AA100006 /* NetworkError.swift */; };
		AA000007 /* APIEndpoints.swift in Sources */ = {isa = PBXBuildFile; fileRef = AA100007 /* APIEndpoints.swift */; };
		AA000008 /* DependencyContainer.swift in Sources */ = {isa = PBXBuildFile; fileRef = AA100008 /* DependencyContainer.swift */; };
		AA000009 /* StorageManager.swift in Sources */ = {isa = PBXBuildFile; fileRef = AA100009 /* StorageManager.swift */; };
		AA000010 /* AppConstants.swift in Sources */ = {isa = PBXBuildFile; fileRef = AA100010 /* AppConstants.swift */; };
		AA000011 /* Theme.swift in Sources */ = {isa = PBXBuildFile; fileRef = AA100011 /* Theme.swift */; };
		AA000012 /* View+Extensions.swift in Sources */ = {isa = PBXBuildFile; fileRef = AA100012 /* View+Extensions.swift */; };
		AA000013 /* Color+Extensions.swift in Sources */ = {isa = PBXBuildFile; fileRef = AA100013 /* Color+Extensions.swift */; };
		AA000014 /* String+Extensions.swift in Sources */ = {isa = PBXBuildFile; fileRef = AA100014 /* String+Extensions.swift */; };
		AA000015 /* Date+Extensions.swift in Sources */ = {isa = PBXBuildFile; fileRef = AA100015 /* Date+Extensions.swift */; };
		AA000016 /* PlaceholderHomeView.swift in Sources */ = {isa = PBXBuildFile; fileRef = AA100016 /* PlaceholderHomeView.swift */; };
		AB000017 /* AppColor.swift in Sources */ = {isa = PBXBuildFile; fileRef = AB100017 /* AppColor.swift */; };
		AB000018 /* AppFont.swift in Sources */ = {isa = PBXBuildFile; fileRef = AB100018 /* AppFont.swift */; };
		AB000019 /* AppSpacing.swift in Sources */ = {isa = PBXBuildFile; fileRef = AB100019 /* AppSpacing.swift */; };
		AB000020 /* AppRadius.swift in Sources */ = {isa = PBXBuildFile; fileRef = AB100020 /* AppRadius.swift */; };
		AB000021 /* AppShadow.swift in Sources */ = {isa = PBXBuildFile; fileRef = AB100021 /* AppShadow.swift */; };
		AB000022 /* AppAnimation.swift in Sources */ = {isa = PBXBuildFile; fileRef = AB100022 /* AppAnimation.swift */; };
		AB000023 /* AppButton.swift in Sources */ = {isa = PBXBuildFile; fileRef = AB100023 /* AppButton.swift */; };
		AB000024 /* AppTextField.swift in Sources */ = {isa = PBXBuildFile; fileRef = AB100024 /* AppTextField.swift */; };
		AB000025 /* SearchBar.swift in Sources */ = {isa = PBXBuildFile; fileRef = AB100025 /* SearchBar.swift */; };
		AB000026 /* PasswordField.swift in Sources */ = {isa = PBXBuildFile; fileRef = AB100026 /* PasswordField.swift */; };
		AB000027 /* NumberField.swift in Sources */ = {isa = PBXBuildFile; fileRef = AB100027 /* NumberField.swift */; };
		AB000028 /* TextArea.swift in Sources */ = {isa = PBXBuildFile; fileRef = AB100028 /* TextArea.swift */; };
		AB000029 /* CardView.swift in Sources */ = {isa = PBXBuildFile; fileRef = AB100029 /* CardView.swift */; };
		AB000030 /* InfoCard.swift in Sources */ = {isa = PBXBuildFile; fileRef = AB100030 /* InfoCard.swift */; };
		AB000031 /* StatCard.swift in Sources */ = {isa = PBXBuildFile; fileRef = AB100031 /* StatCard.swift */; };
		AB000032 /* SectionCard.swift in Sources */ = {isa = PBXBuildFile; fileRef = AB100032 /* SectionCard.swift */; };
		AB000033 /* TagView.swift in Sources */ = {isa = PBXBuildFile; fileRef = AB100033 /* TagView.swift */; };
		AB000034 /* EmptyStateView.swift in Sources */ = {isa = PBXBuildFile; fileRef = AB100034 /* EmptyStateView.swift */; };
		AB000035 /* AppLoadingView.swift in Sources */ = {isa = PBXBuildFile; fileRef = AB100035 /* AppLoadingView.swift */; };
		AB000036 /* SkeletonView.swift in Sources */ = {isa = PBXBuildFile; fileRef = AB100036 /* SkeletonView.swift */; };
		AB000037 /* AppNavigationBar.swift in Sources */ = {isa = PBXBuildFile; fileRef = AB100037 /* AppNavigationBar.swift */; };
		AB000038 /* ToastView.swift in Sources */ = {isa = PBXBuildFile; fileRef = AB100038 /* ToastView.swift */; };
		AB000039 /* BottomSheet.swift in Sources */ = {isa = PBXBuildFile; fileRef = AB100039 /* BottomSheet.swift */; };
		AB000040 /* ConfirmDialog.swift in Sources */ = {isa = PBXBuildFile; fileRef = AB100040 /* ConfirmDialog.swift */; };
		AB000041 /* LoadingOverlay.swift in Sources */ = {isa = PBXBuildFile; fileRef = AB100041 /* LoadingOverlay.swift */; };
		AC000042 /* PersonEnums.swift in Sources */ = {isa = PBXBuildFile; fileRef = AC100042 /* PersonEnums.swift */; };
		AC000043 /* PropertyEnums.swift in Sources */ = {isa = PBXBuildFile; fileRef = AC100043 /* PropertyEnums.swift */; };
		AC000044 /* BusinessEnums.swift in Sources */ = {isa = PBXBuildFile; fileRef = AC100044 /* BusinessEnums.swift */; };
		AC000045 /* CustomerTag.swift in Sources */ = {isa = PBXBuildFile; fileRef = AC100045 /* CustomerTag.swift */; };
		AC000046 /* Customer.swift in Sources */ = {isa = PBXBuildFile; fileRef = AC100046 /* Customer.swift */; };
		AC000047 /* HouseTag.swift in Sources */ = {isa = PBXBuildFile; fileRef = AC100047 /* HouseTag.swift */; };
		AC000048 /* House.swift in Sources */ = {isa = PBXBuildFile; fileRef = AC100048 /* House.swift */; };
		AC000049 /* MatchResult.swift in Sources */ = {isa = PBXBuildFile; fileRef = AC100049 /* MatchResult.swift */; };
		AC000050 /* AIProfile.swift in Sources */ = {isa = PBXBuildFile; fileRef = AC100050 /* AIProfile.swift */; };
		AC000051 /* FollowRecord.swift in Sources */ = {isa = PBXBuildFile; fileRef = AC100051 /* FollowRecord.swift */; };
		AC000052 /* User.swift in Sources */ = {isa = PBXBuildFile; fileRef = AC100052 /* User.swift */; };
		AC000053 /* DashboardStat.swift in Sources */ = {isa = PBXBuildFile; fileRef = AC100053 /* DashboardStat.swift */; };
		AC000054 /* MockData.swift in Sources */ = {isa = PBXBuildFile; fileRef = AC100054 /* MockData.swift */; };
		AC000055 /* JSONDecoder+App.swift in Sources */ = {isa = PBXBuildFile; fileRef = AC100055 /* JSONDecoder+App.swift */; };
		AD000001 /* HTTPMethod.swift in Sources */ = {isa = PBXBuildFile; fileRef = AD100001 /* HTTPMethod.swift */; };
		AD000002 /* APIError.swift in Sources */ = {isa = PBXBuildFile; fileRef = AD100002 /* APIError.swift */; };
		AD000003 /* APIResponse.swift in Sources */ = {isa = PBXBuildFile; fileRef = AD100003 /* APIResponse.swift */; };
		AD000004 /* APIEndpoint.swift in Sources */ = {isa = PBXBuildFile; fileRef = AD100004 /* APIEndpoint.swift */; };
		AD000005 /* TokenManager.swift in Sources */ = {isa = PBXBuildFile; fileRef = AD100005 /* TokenManager.swift */; };
		AD000006 /* NetworkMonitor.swift in Sources */ = {isa = PBXBuildFile; fileRef = AD100006 /* NetworkMonitor.swift */; };
		AD000007 /* APIClient.swift in Sources */ = {isa = PBXBuildFile; fileRef = AD100007 /* APIClient.swift */; };
		AD000008 /* CustomerRepositoryProtocol.swift in Sources */ = {isa = PBXBuildFile; fileRef = AD100008 /* CustomerRepositoryProtocol.swift */; };
		AD000009 /* HouseRepositoryProtocol.swift in Sources */ = {isa = PBXBuildFile; fileRef = AD100009 /* HouseRepositoryProtocol.swift */; };
		AD000010 /* MatchRepositoryProtocol.swift in Sources */ = {isa = PBXBuildFile; fileRef = AD100010 /* MatchRepositoryProtocol.swift */; };
		AD000011 /* DashboardRepositoryProtocol.swift in Sources */ = {isa = PBXBuildFile; fileRef = AD100011 /* DashboardRepositoryProtocol.swift */; };
		AD000012 /* UserRepositoryProtocol.swift in Sources */ = {isa = PBXBuildFile; fileRef = AD100012 /* UserRepositoryProtocol.swift */; };
		AD000013 /* BaseRepository.swift in Sources */ = {isa = PBXBuildFile; fileRef = AD100013 /* BaseRepository.swift */; };
		AD000014 /* CustomerRepository.swift in Sources */ = {isa = PBXBuildFile; fileRef = AD100014 /* CustomerRepository.swift */; };
		AD000015 /* MockCustomerRepository.swift in Sources */ = {isa = PBXBuildFile; fileRef = AD100015 /* MockCustomerRepository.swift */; };
		AD000016 /* HouseRepository.swift in Sources */ = {isa = PBXBuildFile; fileRef = AD100016 /* HouseRepository.swift */; };
		AD000017 /* MockHouseRepository.swift in Sources */ = {isa = PBXBuildFile; fileRef = AD100017 /* MockHouseRepository.swift */; };
		AD000018 /* MatchRepository.swift in Sources */ = {isa = PBXBuildFile; fileRef = AD100018 /* MatchRepository.swift */; };
		AD000019 /* MockMatchRepository.swift in Sources */ = {isa = PBXBuildFile; fileRef = AD100019 /* MockMatchRepository.swift */; };
		AD000020 /* DashboardRepository.swift in Sources */ = {isa = PBXBuildFile; fileRef = AD100020 /* DashboardRepository.swift */; };
		AD000021 /* MockDashboardRepository.swift in Sources */ = {isa = PBXBuildFile; fileRef = AD100021 /* MockDashboardRepository.swift */; };
		AD000022 /* UserRepository.swift in Sources */ = {isa = PBXBuildFile; fileRef = AD100022 /* UserRepository.swift */; };
		AD000023 /* MockUserRepository.swift in Sources */ = {isa = PBXBuildFile; fileRef = AD100023 /* MockUserRepository.swift */; };
		AE000001 /* AppDestination.swift in Sources */ = {isa = PBXBuildFile; fileRef = AE100001 /* AppDestination.swift */; };
		AE000002 /* AppRoute.swift in Sources */ = {isa = PBXBuildFile; fileRef = AE100002 /* AppRoute.swift */; };
		AE000003 /* NavigationManager.swift in Sources */ = {isa = PBXBuildFile; fileRef = AE100003 /* NavigationManager.swift */; };
		AE000004 /* AppRouter.swift in Sources */ = {isa = PBXBuildFile; fileRef = AE100004 /* AppRouter.swift */; };
		AE000005 /* NavigationCoordinator.swift in Sources */ = {isa = PBXBuildFile; fileRef = AE100005 /* NavigationCoordinator.swift */; };
		AE000006 /* ModalManager.swift in Sources */ = {isa = PBXBuildFile; fileRef = AE100006 /* ModalManager.swift */; };
		AE000007 /* SheetManager.swift in Sources */ = {isa = PBXBuildFile; fileRef = AE100007 /* SheetManager.swift */; };
		AE000008 /* DeepLinkManager.swift in Sources */ = {isa = PBXBuildFile; fileRef = AE100008 /* DeepLinkManager.swift */; };
		AE000009 /* MainTabView.swift in Sources */ = {isa = PBXBuildFile; fileRef = AE100009 /* MainTabView.swift */; };
		AE000010 /* ComingSoonView.swift in Sources */ = {isa = PBXBuildFile; fileRef = AE100010 /* ComingSoonView.swift */; };
/* End PBXBuildFile section */

/* Begin PBXFileReference section */
		AA100001 /* AIHouseAssistantApp.swift */ = {isa = PBXFileReference; lastKnownFileType = sourcecode.swift; path = "AIHouseAssistantApp.swift"; sourceTree = "<group>"; };
		AA100002 /* RootView.swift */ = {isa = PBXFileReference; lastKnownFileType = sourcecode.swift; path = "RootView.swift"; sourceTree = "<group>"; };
		AA100003 /* AppConfig.swift */ = {isa = PBXFileReference; lastKnownFileType = sourcecode.swift; path = "AppConfig.swift"; sourceTree = "<group>"; };
		AA100004 /* AppLogger.swift */ = {isa = PBXFileReference; lastKnownFileType = sourcecode.swift; path = "AppLogger.swift"; sourceTree = "<group>"; };
		AA100005 /* NetworkManager.swift */ = {isa = PBXFileReference; lastKnownFileType = sourcecode.swift; path = "NetworkManager.swift"; sourceTree = "<group>"; };
		AA100006 /* NetworkError.swift */ = {isa = PBXFileReference; lastKnownFileType = sourcecode.swift; path = "NetworkError.swift"; sourceTree = "<group>"; };
		AA100007 /* APIEndpoints.swift */ = {isa = PBXFileReference; lastKnownFileType = sourcecode.swift; path = "APIEndpoints.swift"; sourceTree = "<group>"; };
		AA100008 /* DependencyContainer.swift */ = {isa = PBXFileReference; lastKnownFileType = sourcecode.swift; path = "DependencyContainer.swift"; sourceTree = "<group>"; };
		AA100009 /* StorageManager.swift */ = {isa = PBXFileReference; lastKnownFileType = sourcecode.swift; path = "StorageManager.swift"; sourceTree = "<group>"; };
		AA100010 /* AppConstants.swift */ = {isa = PBXFileReference; lastKnownFileType = sourcecode.swift; path = "AppConstants.swift"; sourceTree = "<group>"; };
		AA100011 /* Theme.swift */ = {isa = PBXFileReference; lastKnownFileType = sourcecode.swift; path = "Theme.swift"; sourceTree = "<group>"; };
		AA100012 /* View+Extensions.swift */ = {isa = PBXFileReference; lastKnownFileType = sourcecode.swift; path = "View+Extensions.swift"; sourceTree = "<group>"; };
		AA100013 /* Color+Extensions.swift */ = {isa = PBXFileReference; lastKnownFileType = sourcecode.swift; path = "Color+Extensions.swift"; sourceTree = "<group>"; };
		AA100014 /* String+Extensions.swift */ = {isa = PBXFileReference; lastKnownFileType = sourcecode.swift; path = "String+Extensions.swift"; sourceTree = "<group>"; };
		AA100015 /* Date+Extensions.swift */ = {isa = PBXFileReference; lastKnownFileType = sourcecode.swift; path = "Date+Extensions.swift"; sourceTree = "<group>"; };
		AA100016 /* PlaceholderHomeView.swift */ = {isa = PBXFileReference; lastKnownFileType = sourcecode.swift; path = "PlaceholderHomeView.swift"; sourceTree = "<group>"; };
		AB100017 /* AppColor.swift */ = {isa = PBXFileReference; lastKnownFileType = sourcecode.swift; path = "AppColor.swift"; sourceTree = "<group>"; };
		AB100018 /* AppFont.swift */ = {isa = PBXFileReference; lastKnownFileType = sourcecode.swift; path = "AppFont.swift"; sourceTree = "<group>"; };
		AB100019 /* AppSpacing.swift */ = {isa = PBXFileReference; lastKnownFileType = sourcecode.swift; path = "AppSpacing.swift"; sourceTree = "<group>"; };
		AB100020 /* AppRadius.swift */ = {isa = PBXFileReference; lastKnownFileType = sourcecode.swift; path = "AppRadius.swift"; sourceTree = "<group>"; };
		AB100021 /* AppShadow.swift */ = {isa = PBXFileReference; lastKnownFileType = sourcecode.swift; path = "AppShadow.swift"; sourceTree = "<group>"; };
		AB100022 /* AppAnimation.swift */ = {isa = PBXFileReference; lastKnownFileType = sourcecode.swift; path = "AppAnimation.swift"; sourceTree = "<group>"; };
		AB100023 /* AppButton.swift */ = {isa = PBXFileReference; lastKnownFileType = sourcecode.swift; path = "AppButton.swift"; sourceTree = "<group>"; };
		AB100024 /* AppTextField.swift */ = {isa = PBXFileReference; lastKnownFileType = sourcecode.swift; path = "AppTextField.swift"; sourceTree = "<group>"; };
		AB100025 /* SearchBar.swift */ = {isa = PBXFileReference; lastKnownFileType = sourcecode.swift; path = "SearchBar.swift"; sourceTree = "<group>"; };
		AB100026 /* PasswordField.swift */ = {isa = PBXFileReference; lastKnownFileType = sourcecode.swift; path = "PasswordField.swift"; sourceTree = "<group>"; };
		AB100027 /* NumberField.swift */ = {isa = PBXFileReference; lastKnownFileType = sourcecode.swift; path = "NumberField.swift"; sourceTree = "<group>"; };
		AB100028 /* TextArea.swift */ = {isa = PBXFileReference; lastKnownFileType = sourcecode.swift; path = "TextArea.swift"; sourceTree = "<group>"; };
		AB100029 /* CardView.swift */ = {isa = PBXFileReference; lastKnownFileType = sourcecode.swift; path = "CardView.swift"; sourceTree = "<group>"; };
		AB100030 /* InfoCard.swift */ = {isa = PBXFileReference; lastKnownFileType = sourcecode.swift; path = "InfoCard.swift"; sourceTree = "<group>"; };
		AB100031 /* StatCard.swift */ = {isa = PBXFileReference; lastKnownFileType = sourcecode.swift; path = "StatCard.swift"; sourceTree = "<group>"; };
		AB100032 /* SectionCard.swift */ = {isa = PBXFileReference; lastKnownFileType = sourcecode.swift; path = "SectionCard.swift"; sourceTree = "<group>"; };
		AB100033 /* TagView.swift */ = {isa = PBXFileReference; lastKnownFileType = sourcecode.swift; path = "TagView.swift"; sourceTree = "<group>"; };
		AB100034 /* EmptyStateView.swift */ = {isa = PBXFileReference; lastKnownFileType = sourcecode.swift; path = "EmptyStateView.swift"; sourceTree = "<group>"; };
		AB100035 /* AppLoadingView.swift */ = {isa = PBXFileReference; lastKnownFileType = sourcecode.swift; path = "AppLoadingView.swift"; sourceTree = "<group>"; };
		AB100036 /* SkeletonView.swift */ = {isa = PBXFileReference; lastKnownFileType = sourcecode.swift; path = "SkeletonView.swift"; sourceTree = "<group>"; };
		AB100037 /* AppNavigationBar.swift */ = {isa = PBXFileReference; lastKnownFileType = sourcecode.swift; path = "AppNavigationBar.swift"; sourceTree = "<group>"; };
		AB100038 /* ToastView.swift */ = {isa = PBXFileReference; lastKnownFileType = sourcecode.swift; path = "ToastView.swift"; sourceTree = "<group>"; };
		AB100039 /* BottomSheet.swift */ = {isa = PBXFileReference; lastKnownFileType = sourcecode.swift; path = "BottomSheet.swift"; sourceTree = "<group>"; };
		AB100040 /* ConfirmDialog.swift */ = {isa = PBXFileReference; lastKnownFileType = sourcecode.swift; path = "ConfirmDialog.swift"; sourceTree = "<group>"; };
		AB100041 /* LoadingOverlay.swift */ = {isa = PBXFileReference; lastKnownFileType = sourcecode.swift; path = "LoadingOverlay.swift"; sourceTree = "<group>"; };
		AC100042 /* PersonEnums.swift */ = {isa = PBXFileReference; lastKnownFileType = sourcecode.swift; path = "PersonEnums.swift"; sourceTree = "<group>"; };
		AC100043 /* PropertyEnums.swift */ = {isa = PBXFileReference; lastKnownFileType = sourcecode.swift; path = "PropertyEnums.swift"; sourceTree = "<group>"; };
		AC100044 /* BusinessEnums.swift */ = {isa = PBXFileReference; lastKnownFileType = sourcecode.swift; path = "BusinessEnums.swift"; sourceTree = "<group>"; };
		AC100045 /* CustomerTag.swift */ = {isa = PBXFileReference; lastKnownFileType = sourcecode.swift; path = "CustomerTag.swift"; sourceTree = "<group>"; };
		AC100046 /* Customer.swift */ = {isa = PBXFileReference; lastKnownFileType = sourcecode.swift; path = "Customer.swift"; sourceTree = "<group>"; };
		AC100047 /* HouseTag.swift */ = {isa = PBXFileReference; lastKnownFileType = sourcecode.swift; path = "HouseTag.swift"; sourceTree = "<group>"; };
		AC100048 /* House.swift */ = {isa = PBXFileReference; lastKnownFileType = sourcecode.swift; path = "House.swift"; sourceTree = "<group>"; };
		AC100049 /* MatchResult.swift */ = {isa = PBXFileReference; lastKnownFileType = sourcecode.swift; path = "MatchResult.swift"; sourceTree = "<group>"; };
		AC100050 /* AIProfile.swift */ = {isa = PBXFileReference; lastKnownFileType = sourcecode.swift; path = "AIProfile.swift"; sourceTree = "<group>"; };
		AC100051 /* FollowRecord.swift */ = {isa = PBXFileReference; lastKnownFileType = sourcecode.swift; path = "FollowRecord.swift"; sourceTree = "<group>"; };
		AC100052 /* User.swift */ = {isa = PBXFileReference; lastKnownFileType = sourcecode.swift; path = "User.swift"; sourceTree = "<group>"; };
		AC100053 /* DashboardStat.swift */ = {isa = PBXFileReference; lastKnownFileType = sourcecode.swift; path = "DashboardStat.swift"; sourceTree = "<group>"; };
		AC100054 /* MockData.swift */ = {isa = PBXFileReference; lastKnownFileType = sourcecode.swift; path = "MockData.swift"; sourceTree = "<group>"; };
		AC100055 /* JSONDecoder+App.swift */ = {isa = PBXFileReference; lastKnownFileType = sourcecode.swift; path = "JSONDecoder+App.swift"; sourceTree = "<group>"; };
		AD100001 /* HTTPMethod.swift */ = {isa = PBXFileReference; lastKnownFileType = sourcecode.swift; path = "HTTPMethod.swift"; sourceTree = "<group>"; };
		AD100002 /* APIError.swift */ = {isa = PBXFileReference; lastKnownFileType = sourcecode.swift; path = "APIError.swift"; sourceTree = "<group>"; };
		AD100003 /* APIResponse.swift */ = {isa = PBXFileReference; lastKnownFileType = sourcecode.swift; path = "APIResponse.swift"; sourceTree = "<group>"; };
		AD100004 /* APIEndpoint.swift */ = {isa = PBXFileReference; lastKnownFileType = sourcecode.swift; path = "APIEndpoint.swift"; sourceTree = "<group>"; };
		AD100005 /* TokenManager.swift */ = {isa = PBXFileReference; lastKnownFileType = sourcecode.swift; path = "TokenManager.swift"; sourceTree = "<group>"; };
		AD100006 /* NetworkMonitor.swift */ = {isa = PBXFileReference; lastKnownFileType = sourcecode.swift; path = "NetworkMonitor.swift"; sourceTree = "<group>"; };
		AD100007 /* APIClient.swift */ = {isa = PBXFileReference; lastKnownFileType = sourcecode.swift; path = "APIClient.swift"; sourceTree = "<group>"; };
		AD100008 /* CustomerRepositoryProtocol.swift */ = {isa = PBXFileReference; lastKnownFileType = sourcecode.swift; path = "CustomerRepositoryProtocol.swift"; sourceTree = "<group>"; };
		AD100009 /* HouseRepositoryProtocol.swift */ = {isa = PBXFileReference; lastKnownFileType = sourcecode.swift; path = "HouseRepositoryProtocol.swift"; sourceTree = "<group>"; };
		AD100010 /* MatchRepositoryProtocol.swift */ = {isa = PBXFileReference; lastKnownFileType = sourcecode.swift; path = "MatchRepositoryProtocol.swift"; sourceTree = "<group>"; };
		AD100011 /* DashboardRepositoryProtocol.swift */ = {isa = PBXFileReference; lastKnownFileType = sourcecode.swift; path = "DashboardRepositoryProtocol.swift"; sourceTree = "<group>"; };
		AD100012 /* UserRepositoryProtocol.swift */ = {isa = PBXFileReference; lastKnownFileType = sourcecode.swift; path = "UserRepositoryProtocol.swift"; sourceTree = "<group>"; };
		AD100013 /* BaseRepository.swift */ = {isa = PBXFileReference; lastKnownFileType = sourcecode.swift; path = "BaseRepository.swift"; sourceTree = "<group>"; };
		AD100014 /* CustomerRepository.swift */ = {isa = PBXFileReference; lastKnownFileType = sourcecode.swift; path = "CustomerRepository.swift"; sourceTree = "<group>"; };
		AD100015 /* MockCustomerRepository.swift */ = {isa = PBXFileReference; lastKnownFileType = sourcecode.swift; path = "MockCustomerRepository.swift"; sourceTree = "<group>"; };
		AD100016 /* HouseRepository.swift */ = {isa = PBXFileReference; lastKnownFileType = sourcecode.swift; path = "HouseRepository.swift"; sourceTree = "<group>"; };
		AD100017 /* MockHouseRepository.swift */ = {isa = PBXFileReference; lastKnownFileType = sourcecode.swift; path = "MockHouseRepository.swift"; sourceTree = "<group>"; };
		AD100018 /* MatchRepository.swift */ = {isa = PBXFileReference; lastKnownFileType = sourcecode.swift; path = "MatchRepository.swift"; sourceTree = "<group>"; };
		AD100019 /* MockMatchRepository.swift */ = {isa = PBXFileReference; lastKnownFileType = sourcecode.swift; path = "MockMatchRepository.swift"; sourceTree = "<group>"; };
		AD100020 /* DashboardRepository.swift */ = {isa = PBXFileReference; lastKnownFileType = sourcecode.swift; path = "DashboardRepository.swift"; sourceTree = "<group>"; };
		AD100021 /* MockDashboardRepository.swift */ = {isa = PBXFileReference; lastKnownFileType = sourcecode.swift; path = "MockDashboardRepository.swift"; sourceTree = "<group>"; };
		AD100022 /* UserRepository.swift */ = {isa = PBXFileReference; lastKnownFileType = sourcecode.swift; path = "UserRepository.swift"; sourceTree = "<group>"; };
		AD100023 /* MockUserRepository.swift */ = {isa = PBXFileReference; lastKnownFileType = sourcecode.swift; path = "MockUserRepository.swift"; sourceTree = "<group>"; };
		AE100001 /* AppDestination.swift */ = {isa = PBXFileReference; lastKnownFileType = sourcecode.swift; path = "AppDestination.swift"; sourceTree = "<group>"; };
		AE100002 /* AppRoute.swift */ = {isa = PBXFileReference; lastKnownFileType = sourcecode.swift; path = "AppRoute.swift"; sourceTree = "<group>"; };
		AE100003 /* NavigationManager.swift */ = {isa = PBXFileReference; lastKnownFileType = sourcecode.swift; path = "NavigationManager.swift"; sourceTree = "<group>"; };
		AE100004 /* AppRouter.swift */ = {isa = PBXFileReference; lastKnownFileType = sourcecode.swift; path = "AppRouter.swift"; sourceTree = "<group>"; };
		AE100005 /* NavigationCoordinator.swift */ = {isa = PBXFileReference; lastKnownFileType = sourcecode.swift; path = "NavigationCoordinator.swift"; sourceTree = "<group>"; };
		AE100006 /* ModalManager.swift */ = {isa = PBXFileReference; lastKnownFileType = sourcecode.swift; path = "ModalManager.swift"; sourceTree = "<group>"; };
		AE100007 /* SheetManager.swift */ = {isa = PBXFileReference; lastKnownFileType = sourcecode.swift; path = "SheetManager.swift"; sourceTree = "<group>"; };
		AE100008 /* DeepLinkManager.swift */ = {isa = PBXFileReference; lastKnownFileType = sourcecode.swift; path = "DeepLinkManager.swift"; sourceTree = "<group>"; };
		AE100009 /* MainTabView.swift */ = {isa = PBXFileReference; lastKnownFileType = sourcecode.swift; path = "MainTabView.swift"; sourceTree = "<group>"; };
		AE100010 /* ComingSoonView.swift */ = {isa = PBXFileReference; lastKnownFileType = sourcecode.swift; path = "ComingSoonView.swift"; sourceTree = "<group>"; };
		AAPROD001 /* AIHouseAssistant.app */ = {isa = PBXFileReference; explicitFileType = wrapper.application; includeInIndex = 0; path = "AIHouseAssistant.app"; sourceTree = BUILT_PRODUCTS_DIR; };
/* End PBXFileReference section */

/* Begin PBXFrameworksBuildPhase section */
		AABP0001 /* Frameworks */ = {
			isa = PBXFrameworksBuildPhase;
			buildActionMask = 2147483647;
			files = ();
			runOnlyForDeploymentPostprocessing = 0;
		};
/* End PBXFrameworksBuildPhase section */

/* Begin PBXGroup section */
		AAGRP0000 /* Root */ = {
			isa = PBXGroup;
			children = (
				AAGRP0001 /* AIHouseAssistant */,
				AAGRP00FF /* Products */,
			);
			sourceTree = "<group>";
		};
		AAGRP00FF /* Products */ = {
			isa = PBXGroup;
			children = (
				AAPROD001 /* AIHouseAssistant.app */,
			);
			name = Products;
			sourceTree = "<group>";
		};
		AAGRP0001 /* AIHouseAssistant */ = {
			isa = PBXGroup;
			children = (
				AAGRP0002 /* App */,
				AAGRP0010 /* Core */,
				AAGRP0020 /* Modules */,
				ABGRP0001 /* Components */,
				ACGRP0001 /* Models */,
				ADGRP0001 /* Protocols */,
				ADGRP0003 /* Services */,
				ADGRP0005 /* Repositories */,
			);
			path = AIHouseAssistant;
			sourceTree = "<group>";
		};
		AAGRP0002 /* App */ = {
			isa = PBXGroup;
			children = (
				AA100001 /* AIHouseAssistantApp.swift */,
				AA100002 /* RootView.swift */,
				AE100009 /* MainTabView.swift */,
			);
			path = App;
			sourceTree = "<group>";
		};
		AAGRP0010 /* Core */ = {
			isa = PBXGroup;
			children = (
				AAGRP0011 /* Config */,
				AAGRP0012 /* Logger */,
				AAGRP0013 /* Network */,
				AAGRP0014 /* Dependency */,
				AAGRP0015 /* Storage */,
				AAGRP0016 /* Constants */,
				AAGRP0017 /* Utilities */,
				AAGRP0018 /* Extensions */,
				AEGRP0001 /* Navigation */,
			);
			path = Core;
			sourceTree = "<group>";
		};
		AEGRP0001 /* Navigation */ = {
			isa = PBXGroup;
			children = (
				AE100001 /* AppDestination.swift */,
				AE100002 /* AppRoute.swift */,
				AE100003 /* NavigationManager.swift */,
				AE100004 /* AppRouter.swift */,
				AE100005 /* NavigationCoordinator.swift */,
				AE100006 /* ModalManager.swift */,
				AE100007 /* SheetManager.swift */,
				AE100008 /* DeepLinkManager.swift */,
			);
			path = Navigation;
			sourceTree = "<group>";
		};
		AAGRP0011 /* Config */ = {
			isa = PBXGroup;
			children = (
				AA100003 /* AppConfig.swift */,
			);
			path = Config;
			sourceTree = "<group>";
		};
		AAGRP0012 /* Logger */ = {
			isa = PBXGroup;
			children = (
				AA100004 /* AppLogger.swift */,
			);
			path = Logger;
			sourceTree = "<group>";
		};
		AAGRP0013 /* Network */ = {
			isa = PBXGroup;
			children = (
				AA100005 /* NetworkManager.swift */,
				AA100006 /* NetworkError.swift */,
				AA100007 /* APIEndpoints.swift */,
				AD100001 /* HTTPMethod.swift */,
				AD100002 /* APIError.swift */,
				AD100003 /* APIResponse.swift */,
				AD100004 /* APIEndpoint.swift */,
				AD100005 /* TokenManager.swift */,
				AD100006 /* NetworkMonitor.swift */,
				AD100007 /* APIClient.swift */,
			);
			path = Network;
			sourceTree = "<group>";
		};
		AAGRP0014 /* Dependency */ = {
			isa = PBXGroup;
			children = (
				AA100008 /* DependencyContainer.swift */,
			);
			path = Dependency;
			sourceTree = "<group>";
		};
		AAGRP0015 /* Storage */ = {
			isa = PBXGroup;
			children = (
				AA100009 /* StorageManager.swift */,
			);
			path = Storage;
			sourceTree = "<group>";
		};
		AAGRP0016 /* Constants */ = {
			isa = PBXGroup;
			children = (
				AA100010 /* AppConstants.swift */,
			);
			path = Constants;
			sourceTree = "<group>";
		};
		AAGRP0017 /* Utilities */ = {
			isa = PBXGroup;
			children = (
				AA100011 /* Theme.swift */,
			);
			path = Utilities;
			sourceTree = "<group>";
		};
		AAGRP0018 /* Extensions */ = {
			isa = PBXGroup;
			children = (
				AA100012 /* View+Extensions.swift */,
				AA100013 /* Color+Extensions.swift */,
				AA100014 /* String+Extensions.swift */,
				AA100015 /* Date+Extensions.swift */,
			);
			path = Extensions;
			sourceTree = "<group>";
		};
		AAGRP0020 /* Modules */ = {
			isa = PBXGroup;
			children = (
				AAGRP0021 /* Dashboard */,
				AEGRP0002 /* Common */,
			);
			path = Modules;
			sourceTree = "<group>";
		};
		AEGRP0002 /* Common */ = {
			isa = PBXGroup;
			children = (
				AE100010 /* ComingSoonView.swift */,
			);
			path = Common;
			sourceTree = "<group>";
		};
		AAGRP0021 /* Dashboard */ = {
			isa = PBXGroup;
			children = (
				AA100016 /* PlaceholderHomeView.swift */,
			);
			path = Dashboard;
			sourceTree = "<group>";
		};
		ABGRP0001 /* Components */ = {
			isa = PBXGroup;
			children = (
				ABGRP0002 /* Foundation */,
				ABGRP0003 /* Buttons */,
				ABGRP0004 /* Inputs */,
				ABGRP0005 /* Cards */,
				ABGRP0006 /* Tags */,
				ABGRP0007 /* States */,
				ABGRP0008 /* Navigation */,
				ABGRP0009 /* Overlays */,
			);
			path = Components;
			sourceTree = "<group>";
		};
		ABGRP0002 /* Foundation */ = {
			isa = PBXGroup;
			children = (
				AB100017 /* AppColor.swift */,
				AB100018 /* AppFont.swift */,
				AB100019 /* AppSpacing.swift */,
				AB100020 /* AppRadius.swift */,
				AB100021 /* AppShadow.swift */,
				AB100022 /* AppAnimation.swift */,
			);
			path = Foundation;
			sourceTree = "<group>";
		};
		ABGRP0003 /* Buttons */ = {
			isa = PBXGroup;
			children = (
				AB100023 /* AppButton.swift */,
			);
			path = Buttons;
			sourceTree = "<group>";
		};
		ABGRP0004 /* Inputs */ = {
			isa = PBXGroup;
			children = (
				AB100024 /* AppTextField.swift */,
				AB100025 /* SearchBar.swift */,
				AB100026 /* PasswordField.swift */,
				AB100027 /* NumberField.swift */,
				AB100028 /* TextArea.swift */,
			);
			path = Inputs;
			sourceTree = "<group>";
		};
		ABGRP0005 /* Cards */ = {
			isa = PBXGroup;
			children = (
				AB100029 /* CardView.swift */,
				AB100030 /* InfoCard.swift */,
				AB100031 /* StatCard.swift */,
				AB100032 /* SectionCard.swift */,
			);
			path = Cards;
			sourceTree = "<group>";
		};
		ABGRP0006 /* Tags */ = {
			isa = PBXGroup;
			children = (
				AB100033 /* TagView.swift */,
			);
			path = Tags;
			sourceTree = "<group>";
		};
		ABGRP0007 /* States */ = {
			isa = PBXGroup;
			children = (
				AB100034 /* EmptyStateView.swift */,
				AB100035 /* AppLoadingView.swift */,
				AB100036 /* SkeletonView.swift */,
			);
			path = States;
			sourceTree = "<group>";
		};
		ABGRP0008 /* Navigation */ = {
			isa = PBXGroup;
			children = (
				AB100037 /* AppNavigationBar.swift */,
			);
			path = Navigation;
			sourceTree = "<group>";
		};
		ABGRP0009 /* Overlays */ = {
			isa = PBXGroup;
			children = (
				AB100038 /* ToastView.swift */,
				AB100039 /* BottomSheet.swift */,
				AB100040 /* ConfirmDialog.swift */,
				AB100041 /* LoadingOverlay.swift */,
			);
			path = Overlays;
			sourceTree = "<group>";
		};
		ACGRP0001 /* Models */ = {
			isa = PBXGroup;
			children = (
				ACGRP0002 /* Enums */,
				ACGRP0003 /* Customer */,
				ACGRP0004 /* House */,
				ACGRP0005 /* Match */,
				ACGRP0006 /* AI */,
				ACGRP0007 /* Follow */,
				ACGRP0008 /* User */,
				ACGRP0009 /* Dashboard */,
				ACGRP0010 /* Mock */,
				AC100055 /* JSONDecoder+App.swift */,
			);
			path = Models;
			sourceTree = "<group>";
		};
		ACGRP0002 /* Enums */ = {
			isa = PBXGroup;
			children = (
				AC100042 /* PersonEnums.swift */,
				AC100043 /* PropertyEnums.swift */,
				AC100044 /* BusinessEnums.swift */,
			);
			path = Enums;
			sourceTree = "<group>";
		};
		ACGRP0003 /* Customer */ = {
			isa = PBXGroup;
			children = (
				AC100046 /* Customer.swift */,
				AC100045 /* CustomerTag.swift */,
			);
			path = Customer;
			sourceTree = "<group>";
		};
		ACGRP0004 /* House */ = {
			isa = PBXGroup;
			children = (
				AC100048 /* House.swift */,
				AC100047 /* HouseTag.swift */,
			);
			path = House;
			sourceTree = "<group>";
		};
		ACGRP0005 /* Match */ = {
			isa = PBXGroup;
			children = (
				AC100049 /* MatchResult.swift */,
			);
			path = Match;
			sourceTree = "<group>";
		};
		ACGRP0006 /* AI */ = {
			isa = PBXGroup;
			children = (
				AC100050 /* AIProfile.swift */,
			);
			path = AI;
			sourceTree = "<group>";
		};
		ACGRP0007 /* Follow */ = {
			isa = PBXGroup;
			children = (
				AC100051 /* FollowRecord.swift */,
			);
			path = Follow;
			sourceTree = "<group>";
		};
		ACGRP0008 /* User */ = {
			isa = PBXGroup;
			children = (
				AC100052 /* User.swift */,
			);
			path = User;
			sourceTree = "<group>";
		};
		ACGRP0009 /* Dashboard */ = {
			isa = PBXGroup;
			children = (
				AC100053 /* DashboardStat.swift */,
			);
			path = Dashboard;
			sourceTree = "<group>";
		};
		ACGRP0010 /* Mock */ = {
			isa = PBXGroup;
			children = (
				AC100054 /* MockData.swift */,
			);
			path = Mock;
			sourceTree = "<group>";
		};
		ADGRP0001 /* Protocols */ = {
			isa = PBXGroup;
			children = (
				ADGRP0002 /* Repository */,
			);
			path = Protocols;
			sourceTree = "<group>";
		};
		ADGRP0002 /* Repository */ = {
			isa = PBXGroup;
			children = (
				AD100008 /* CustomerRepositoryProtocol.swift */,
				AD100009 /* HouseRepositoryProtocol.swift */,
				AD100010 /* MatchRepositoryProtocol.swift */,
				AD100011 /* DashboardRepositoryProtocol.swift */,
				AD100012 /* UserRepositoryProtocol.swift */,
			);
			path = Repository;
			sourceTree = "<group>";
		};
		ADGRP0003 /* Services */ = {
			isa = PBXGroup;
			children = (
				ADGRP0004 /* API */,
			);
			path = Services;
			sourceTree = "<group>";
		};
		ADGRP0004 /* API */ = {
			isa = PBXGroup;
			children = (
				AD100013 /* BaseRepository.swift */,
			);
			path = API;
			sourceTree = "<group>";
		};
		ADGRP0005 /* Repositories */ = {
			isa = PBXGroup;
			children = (
				ADGRP0006 /* Customer */,
				ADGRP0007 /* House */,
				ADGRP0008 /* Match */,
				ADGRP0009 /* Dashboard */,
				ADGRP0010 /* User */,
			);
			path = Repositories;
			sourceTree = "<group>";
		};
		ADGRP0006 /* Customer */ = {
			isa = PBXGroup;
			children = (
				AD100014 /* CustomerRepository.swift */,
				AD100015 /* MockCustomerRepository.swift */,
			);
			path = Customer;
			sourceTree = "<group>";
		};
		ADGRP0007 /* House */ = {
			isa = PBXGroup;
			children = (
				AD100016 /* HouseRepository.swift */,
				AD100017 /* MockHouseRepository.swift */,
			);
			path = House;
			sourceTree = "<group>";
		};
		ADGRP0008 /* Match */ = {
			isa = PBXGroup;
			children = (
				AD100018 /* MatchRepository.swift */,
				AD100019 /* MockMatchRepository.swift */,
			);
			path = Match;
			sourceTree = "<group>";
		};
		ADGRP0009 /* Dashboard */ = {
			isa = PBXGroup;
			children = (
				AD100020 /* DashboardRepository.swift */,
				AD100021 /* MockDashboardRepository.swift */,
			);
			path = Dashboard;
			sourceTree = "<group>";
		};
		ADGRP0010 /* User */ = {
			isa = PBXGroup;
			children = (
				AD100022 /* UserRepository.swift */,
				AD100023 /* MockUserRepository.swift */,
			);
			path = User;
			sourceTree = "<group>";
		};
/* End PBXGroup section */

/* Begin PBXNativeTarget section */
		AATGT0001 /* AIHouseAssistant */ = {
			isa = PBXNativeTarget;
			buildConfigurationList = AACFGL001 /* Build configuration list for PBXNativeTarget "AIHouseAssistant" */;
			buildPhases = (
				AABP0000 /* Sources */,
				AABP0001 /* Frameworks */,
				AABP0002 /* Resources */,
			);
			buildRules = ();
			dependencies = ();
			name = AIHouseAssistant;
			productName = AIHouseAssistant;
			productReference = AAPROD001 /* AIHouseAssistant.app */;
			productType = "com.apple.product-type.application";
		};
/* End PBXNativeTarget section */

/* Begin PBXProject section */
		AAPRJ0001 /* Project object */ = {
			isa = PBXProject;
			attributes = {
				BuildIndependentTargetsInParallel = 1;
				LastSwiftUpdateCheck = 1600;
				LastUpgradeCheck = 1600;
				TargetAttributes = {
					AATGT0001 = {
						CreatedOnToolsVersion = 16.0;
					};
				};
			};
			buildConfigurationList = AACFGL000 /* Build configuration list for PBXProject "AIHouseAssistant" */;
			compatibilityVersion = "Xcode 14.0";
			developmentRegion = zh-Hans;
			hasScannedForEncodings = 0;
			knownRegions = (
				"zh-Hans",
				en,
				Base,
			);
			mainGroup = AAGRP0000;
			productRefGroup = AAGRP00FF /* Products */;
			projectDirPath = "";
			projectRoot = "";
			targets = (
				AATGT0001 /* AIHouseAssistant */,
			);
		};
/* End PBXProject section */

/* Begin PBXResourcesBuildPhase section */
		AABP0002 /* Resources */ = {
			isa = PBXResourcesBuildPhase;
			buildActionMask = 2147483647;
			files = ();
			runOnlyForDeploymentPostprocessing = 0;
		};
/* End PBXResourcesBuildPhase section */

/* Begin PBXSourcesBuildPhase section */
		AABP0000 /* Sources */ = {
			isa = PBXSourcesBuildPhase;
			buildActionMask = 2147483647;
			files = (
				AA000001 /* AIHouseAssistantApp.swift in Sources */,
				AA000002 /* RootView.swift in Sources */,
				AA000003 /* AppConfig.swift in Sources */,
				AA000004 /* AppLogger.swift in Sources */,
				AA000005 /* NetworkManager.swift in Sources */,
				AA000006 /* NetworkError.swift in Sources */,
				AA000007 /* APIEndpoints.swift in Sources */,
				AA000008 /* DependencyContainer.swift in Sources */,
				AA000009 /* StorageManager.swift in Sources */,
				AA000010 /* AppConstants.swift in Sources */,
				AA000011 /* Theme.swift in Sources */,
				AA000012 /* View+Extensions.swift in Sources */,
				AA000013 /* Color+Extensions.swift in Sources */,
				AA000014 /* String+Extensions.swift in Sources */,
				AA000015 /* Date+Extensions.swift in Sources */,
				AA000016 /* PlaceholderHomeView.swift in Sources */,
				AB000017 /* AppColor.swift in Sources */,
				AB000018 /* AppFont.swift in Sources */,
				AB000019 /* AppSpacing.swift in Sources */,
				AB000020 /* AppRadius.swift in Sources */,
				AB000021 /* AppShadow.swift in Sources */,
				AB000022 /* AppAnimation.swift in Sources */,
				AB000023 /* AppButton.swift in Sources */,
				AB000024 /* AppTextField.swift in Sources */,
				AB000025 /* SearchBar.swift in Sources */,
				AB000026 /* PasswordField.swift in Sources */,
				AB000027 /* NumberField.swift in Sources */,
				AB000028 /* TextArea.swift in Sources */,
				AB000029 /* CardView.swift in Sources */,
				AB000030 /* InfoCard.swift in Sources */,
				AB000031 /* StatCard.swift in Sources */,
				AB000032 /* SectionCard.swift in Sources */,
				AB000033 /* TagView.swift in Sources */,
				AB000034 /* EmptyStateView.swift in Sources */,
				AB000035 /* AppLoadingView.swift in Sources */,
				AB000036 /* SkeletonView.swift in Sources */,
				AB000037 /* AppNavigationBar.swift in Sources */,
				AB000038 /* ToastView.swift in Sources */,
				AB000039 /* BottomSheet.swift in Sources */,
				AB000040 /* ConfirmDialog.swift in Sources */,
				AB000041 /* LoadingOverlay.swift in Sources */,
				AC000042 /* PersonEnums.swift in Sources */,
				AC000043 /* PropertyEnums.swift in Sources */,
				AC000044 /* BusinessEnums.swift in Sources */,
				AC000045 /* CustomerTag.swift in Sources */,
				AC000046 /* Customer.swift in Sources */,
				AC000047 /* HouseTag.swift in Sources */,
				AC000048 /* House.swift in Sources */,
				AC000049 /* MatchResult.swift in Sources */,
				AC000050 /* AIProfile.swift in Sources */,
				AC000051 /* FollowRecord.swift in Sources */,
				AC000052 /* User.swift in Sources */,
				AC000053 /* DashboardStat.swift in Sources */,
				AC000054 /* MockData.swift in Sources */,
				AC000055 /* JSONDecoder+App.swift in Sources */,
				AD000001 /* HTTPMethod.swift in Sources */,
				AD000002 /* APIError.swift in Sources */,
				AD000003 /* APIResponse.swift in Sources */,
				AD000004 /* APIEndpoint.swift in Sources */,
				AD000005 /* TokenManager.swift in Sources */,
				AD000006 /* NetworkMonitor.swift in Sources */,
				AD000007 /* APIClient.swift in Sources */,
				AD000008 /* CustomerRepositoryProtocol.swift in Sources */,
				AD000009 /* HouseRepositoryProtocol.swift in Sources */,
				AD000010 /* MatchRepositoryProtocol.swift in Sources */,
				AD000011 /* DashboardRepositoryProtocol.swift in Sources */,
				AD000012 /* UserRepositoryProtocol.swift in Sources */,
				AD000013 /* BaseRepository.swift in Sources */,
				AD000014 /* CustomerRepository.swift in Sources */,
				AD000015 /* MockCustomerRepository.swift in Sources */,
				AD000016 /* HouseRepository.swift in Sources */,
				AD000017 /* MockHouseRepository.swift in Sources */,
				AD000018 /* MatchRepository.swift in Sources */,
				AD000019 /* MockMatchRepository.swift in Sources */,
				AD000020 /* DashboardRepository.swift in Sources */,
				AD000021 /* MockDashboardRepository.swift in Sources */,
				AD000022 /* UserRepository.swift in Sources */,
				AD000023 /* MockUserRepository.swift in Sources */,
				AE000001 /* AppDestination.swift in Sources */,
				AE000002 /* AppRoute.swift in Sources */,
				AE000003 /* NavigationManager.swift in Sources */,
				AE000004 /* AppRouter.swift in Sources */,
				AE000005 /* NavigationCoordinator.swift in Sources */,
				AE000006 /* ModalManager.swift in Sources */,
				AE000007 /* SheetManager.swift in Sources */,
				AE000008 /* DeepLinkManager.swift in Sources */,
				AE000009 /* MainTabView.swift in Sources */,
				AE000010 /* ComingSoonView.swift in Sources */,
			);
			runOnlyForDeploymentPostprocessing = 0;
		};
/* End PBXSourcesBuildPhase section */

/* Begin XCBuildConfiguration section */
		AACFG0001 /* Debug */ = {
			isa = XCBuildConfiguration;
			buildSettings = {
				ALWAYS_SEARCH_USER_PATHS = NO;
				ASSETCATALOG_COMPILER_GENERATE_SWIFT_ASSET_SYMBOL_EXTENSIONS = YES;
				CLANG_ANALYZER_NONNULL = YES;
				CLANG_ANALYZER_NUMBER_OBJECT_CONVERSION = YES_AGGRESSIVE;
				CLANG_CXX_LANGUAGE_STANDARD = "gnu++20";
				CLANG_ENABLE_MODULES = YES;
				CLANG_ENABLE_OBJC_ARC = YES;
				CLANG_ENABLE_OBJC_WEAK = YES;
				CLANG_WARN_BLOCK_CAPTURE_AUTORELEASING = YES;
				CLANG_WARN_BOOL_CONVERSION = YES;
				CLANG_WARN_COMMA = YES;
				CLANG_WARN_CONSTANT_CONVERSION = YES;
				CLANG_WARN_DEPRECATED_OBJC_IMPLEMENTATIONS = YES;
				CLANG_WARN_DIRECT_OBJC_ISA_USAGE = YES_ERROR;
				CLANG_WARN_DOCUMENTATION_COMMENTS = YES;
				CLANG_WARN_EMPTY_BODY = YES;
				CLANG_WARN_ENUM_CONVERSION = YES;
				CLANG_WARN_INFINITE_RECURSION = YES;
				CLANG_WARN_INT_CONVERSION = YES;
				CLANG_WARN_NON_LITERAL_NULL_CONVERSION = YES;
				CLANG_WARN_OBJC_IMPLICIT_RETAIN_CYCLE = YES;
				CLANG_WARN_OBJC_LITERAL_CONVERSION = YES;
				CLANG_WARN_OBJC_ROOT_CLASS = YES_ERROR;
				CLANG_WARN_QUOTED_INCLUDE_IN_FRAMEWORK_HEADER = YES;
				CLANG_WARN_RANGE_LOOP_ANALYSIS = YES;
				CLANG_WARN_STRICT_PROTOTYPES = YES;
				CLANG_WARN_SUSPICIOUS_MOVE = YES;
				CLANG_WARN_UNGUARDED_AVAILABILITY = YES_AGGRESSIVE;
				CLANG_WARN_UNREACHABLE_CODE = YES;
				CLANG_WARN__DUPLICATE_METHOD_MATCH = YES;
				COPY_PHASE_STRIP = NO;
				DEBUG_INFORMATION_FORMAT = dwarf;
				ENABLE_STRICT_OBJC_MSGSEND = YES;
				ENABLE_TESTABILITY = YES;
				ENABLE_USER_SCRIPT_SANDBOXING = YES;
				GCC_C_LANGUAGE_STANDARD = gnu17;
				GCC_DYNAMIC_NO_PIC = NO;
				GCC_NO_COMMON_BLOCKS = YES;
				GCC_OPTIMIZATION_LEVEL = 0;
				GCC_PREPROCESSOR_DEFINITIONS = (
					"DEBUG=1",
					"$(inherited)",
				);
				GCC_WARN_64_TO_32_BIT_CONVERSION = YES;
				GCC_WARN_ABOUT_RETURN_TYPE = YES_ERROR;
				GCC_WARN_UNDECLARED_SELECTOR = YES;
				GCC_WARN_UNINITIALIZED_AUTOS = YES_AGGRESSIVE;
				GCC_WARN_UNUSED_FUNCTION = YES;
				GCC_WARN_UNUSED_VARIABLE = YES;
				IPHONEOS_DEPLOYMENT_TARGET = 18.0;
				MTL_ENABLE_DEBUG_INFO = INCLUDE_SOURCE;
				MTL_FAST_MATH = YES;
				ONLY_ACTIVE_ARCH = YES;
				SDKROOT = iphoneos;
				SWIFT_ACTIVE_COMPILATION_CONDITIONS = "DEBUG $(inherited)";
				SWIFT_OPTIMIZATION_LEVEL = "-Onone";
				SWIFT_VERSION = 6.0;
			};
			name = Debug;
		};
		AACFG0002 /* Release */ = {
			isa = XCBuildConfiguration;
			buildSettings = {
				ALWAYS_SEARCH_USER_PATHS = NO;
				ASSETCATALOG_COMPILER_GENERATE_SWIFT_ASSET_SYMBOL_EXTENSIONS = YES;
				CLANG_ANALYZER_NONNULL = YES;
				CLANG_ANALYZER_NUMBER_OBJECT_CONVERSION = YES_AGGRESSIVE;
				CLANG_CXX_LANGUAGE_STANDARD = "gnu++20";
				CLANG_ENABLE_MODULES = YES;
				CLANG_ENABLE_OBJC_ARC = YES;
				CLANG_ENABLE_OBJC_WEAK = YES;
				CLANG_WARN_BLOCK_CAPTURE_AUTORELEASING = YES;
				CLANG_WARN_BOOL_CONVERSION = YES;
				CLANG_WARN_COMMA = YES;
				CLANG_WARN_CONSTANT_CONVERSION = YES;
				CLANG_WARN_DEPRECATED_OBJC_IMPLEMENTATIONS = YES;
				CLANG_WARN_DIRECT_OBJC_ISA_USAGE = YES_ERROR;
				CLANG_WARN_DOCUMENTATION_COMMENTS = YES;
				CLANG_WARN_EMPTY_BODY = YES;
				CLANG_WARN_ENUM_CONVERSION = YES;
				CLANG_WARN_INFINITE_RECURSION = YES;
				CLANG_WARN_INT_CONVERSION = YES;
				CLANG_WARN_NON_LITERAL_NULL_CONVERSION = YES;
				CLANG_WARN_OBJC_IMPLICIT_RETAIN_CYCLE = YES;
				CLANG_WARN_OBJC_LITERAL_CONVERSION = YES;
				CLANG_WARN_OBJC_ROOT_CLASS = YES_ERROR;
				CLANG_WARN_QUOTED_INCLUDE_IN_FRAMEWORK_HEADER = YES;
				CLANG_WARN_RANGE_LOOP_ANALYSIS = YES;
				CLANG_WARN_STRICT_PROTOTYPES = YES;
				CLANG_WARN_SUSPICIOUS_MOVE = YES;
				CLANG_WARN_UNGUARDED_AVAILABILITY = YES_AGGRESSIVE;
				CLANG_WARN_UNREACHABLE_CODE = YES;
				CLANG_WARN__DUPLICATE_METHOD_MATCH = YES;
				COPY_PHASE_STRIP = NO;
				DEBUG_INFORMATION_FORMAT = "dwarf-with-dsym";
				ENABLE_NS_ASSERTIONS = NO;
				ENABLE_STRICT_OBJC_MSGSEND = YES;
				ENABLE_USER_SCRIPT_SANDBOXING = YES;
				GCC_C_LANGUAGE_STANDARD = gnu17;
				GCC_NO_COMMON_BLOCKS = YES;
				GCC_WARN_64_TO_32_BIT_CONVERSION = YES;
				GCC_WARN_ABOUT_RETURN_TYPE = YES_ERROR;
				GCC_WARN_UNDECLARED_SELECTOR = YES;
				GCC_WARN_UNINITIALIZED_AUTOS = YES_AGGRESSIVE;
				GCC_WARN_UNUSED_FUNCTION = YES;
				GCC_WARN_UNUSED_VARIABLE = YES;
				IPHONEOS_DEPLOYMENT_TARGET = 18.0;
				MTL_FAST_MATH = YES;
				SDKROOT = iphoneos;
				SWIFT_COMPILATION_MODE = wholemodule;
				SWIFT_VERSION = 6.0;
				VALIDATE_PRODUCT = YES;
			};
			name = Release;
		};
		AACFG0003 /* Debug */ = {
			isa = XCBuildConfiguration;
			buildSettings = {
				ASSETCATALOG_COMPILER_APPICON_NAME = AppIcon;
				ASSETCATALOG_COMPILER_GLOBAL_ACCENT_COLOR_NAME = AccentColor;
				CODE_SIGN_STYLE = Automatic;
				CURRENT_PROJECT_VERSION = 1;
				DEVELOPMENT_TEAM = "";
				GENERATE_INFOPLIST_FILE = YES;
				INFOPLIST_KEY_UIApplicationSceneManifest_Generation = YES;
				INFOPLIST_KEY_UIApplicationSupportsIndirectInputEvents = YES;
				INFOPLIST_KEY_UILaunchScreen_Generation = YES;
				INFOPLIST_KEY_UISupportedInterfaceOrientations_iPad = "UIInterfaceOrientationPortrait UIInterfaceOrientationPortraitUpsideDown UIInterfaceOrientationLandscapeLeft UIInterfaceOrientationLandscapeRight";
				INFOPLIST_KEY_UISupportedInterfaceOrientations_iPhone = "UIInterfaceOrientationPortrait UIInterfaceOrientationLandscapeLeft UIInterfaceOrientationLandscapeRight";
				IPHONEOS_DEPLOYMENT_TARGET = 18.0;
				MARKETING_VERSION = 1.0;
				PRODUCT_BUNDLE_IDENTIFIER = com.aihouseassistant.app;
				PRODUCT_NAME = "$(TARGET_NAME)";
				SWIFT_EMIT_LOC_STRINGS = YES;
				SWIFT_VERSION = 6.0;
				TARGETED_DEVICE_FAMILY = "1,2";
			};
			name = Debug;
		};
		AACFG0004 /* Release */ = {
			isa = XCBuildConfiguration;
			buildSettings = {
				ASSETCATALOG_COMPILER_APPICON_NAME = AppIcon;
				ASSETCATALOG_COMPILER_GLOBAL_ACCENT_COLOR_NAME = AccentColor;
				CODE_SIGN_STYLE = Automatic;
				CURRENT_PROJECT_VERSION = 1;
				DEVELOPMENT_TEAM = "";
				GENERATE_INFOPLIST_FILE = YES;
				INFOPLIST_KEY_UIApplicationSceneManifest_Generation = YES;
				INFOPLIST_KEY_UIApplicationSupportsIndirectInputEvents = YES;
				INFOPLIST_KEY_UILaunchScreen_Generation = YES;
				INFOPLIST_KEY_UISupportedInterfaceOrientations_iPad = "UIInterfaceOrientationPortrait UIInterfaceOrientationPortraitUpsideDown UIInterfaceOrientationLandscapeLeft UIInterfaceOrientationLandscapeRight";
				INFOPLIST_KEY_UISupportedInterfaceOrientations_iPhone = "UIInterfaceOrientationPortrait UIInterfaceOrientationLandscapeLeft UIInterfaceOrientationLandscapeRight";
				IPHONEOS_DEPLOYMENT_TARGET = 18.0;
				MARKETING_VERSION = 1.0;
				PRODUCT_BUNDLE_IDENTIFIER = com.aihouseassistant.app;
				PRODUCT_NAME = "$(TARGET_NAME)";
				SWIFT_EMIT_LOC_STRINGS = YES;
				SWIFT_VERSION = 6.0;
				TARGETED_DEVICE_FAMILY = "1,2";
			};
			name = Release;
		};
/* End XCBuildConfiguration section */

/* Begin XCConfigurationList section */
		AACFGL000 /* Build configuration list for PBXProject "AIHouseAssistant" */ = {
			isa = XCConfigurationList;
			buildConfigurations = (
				AACFG0001 /* Debug */,
				AACFG0002 /* Release */,
			);
			defaultConfigurationIsVisible = 0;
			defaultConfigurationName = Release;
		};
		AACFGL001 /* Build configuration list for PBXNativeTarget "AIHouseAssistant" */ = {
			isa = XCConfigurationList;
			buildConfigurations = (
				AACFG0003 /* Debug */,
				AACFG0004 /* Release */,
			);
			defaultConfigurationIsVisible = 0;
			defaultConfigurationName = Release;
		};
/* End XCConfigurationList section */

	};
	rootObject = AAPRJ0001 /* Project object */;
}
